
Microsoft Visual Studio Solution File, Format Version 12.00
# Visual Studio Version 16
VisualStudioVersion = 16.0.31321.278
MinimumVisualStudioVersion = 10.0.40219.1
Project("{FAE04EC0-301F-11D3-BF4B-00C04F79EFBC}") = "SimpleChat.Backend", "SimpleChat.Backend\SimpleChat.Backend.csproj", "{66FD5C44-8F8E-4AB7-9E31-3E604CA12774}"
EndProject
Global
	GlobalSection(SolutionConfigurationPlatforms) = preSolution
		Debug|Any CPU = Debug|Any CPU
		Release|Any CPU = Release|Any CPU
	EndGlobalSection
	GlobalSection(ProjectConfigurationPlatforms) = postSolution
		{66FD5C44-8F8E-4AB7-9E31-3E604CA12774}.Debug|Any CPU.ActiveCfg = Debug|Any CPU
		{66FD5C44-8F8E-4AB7-9E31-3E604CA12774}.Debug|Any CPU.Build.0 = Debug|Any CPU
		{66FD5C44-8F8E-4AB7-9E31-3E604CA12774}.Release|Any CPU.ActiveCfg = Release|Any CPU
		{66FD5C44-8F8E-4AB7-9E31-3E604CA12774}.Release|Any CPU.Build.0 = Release|Any CPU
	EndGlobalSection
	GlobalSection(SolutionProperties) = preSolution
		HideSolutionNode = FALSE
	EndGlobalSection
	GlobalSection(ExtensibilityGlobals) = postSolution
		SolutionGuid = {E4A71A10-16A2-41C3-BD5C-CE61D13BA0D7}
	EndGlobalSection
EndGlobal
